
Microsoft Visual Studio Solution File, Format Version 12.00
# Visual Studio Version 17
VisualStudioVersion = 17.13.35931.197 d17.13
MinimumVisualStudioVersion = 10.0.40219.1
Project("{FAE04EC0-301F-11D3-BF4B-00C04F79EFBC}") = "NSBMExamBuddy", "NSBMExamBuddy.csproj", "{B8F8F200-1901-40B1-AA12-C3007819A9A1}"
EndProject
Global
	GlobalSection(SolutionConfigurationPlatforms) = preSolution
		Debug|Any CPU = Debug|Any CPU
		Release|Any CPU = Release|Any CPU
	EndGlobalSection
	GlobalSection(ProjectConfigurationPlatforms) = postSolution
		{B8F8F200-1901-40B1-AA12-C3007819A9A1}.Debug|Any CPU.ActiveCfg = Debug|Any CPU
		{B8F8F200-1901-40B1-AA12-C3007819A9A1}.Debug|Any CPU.Build.0 = Debug|Any CPU
		{B8F8F200-1901-40B1-AA12-C3007819A9A1}.Release|Any CPU.ActiveCfg = Release|Any CPU
		{B8F8F200-1901-40B1-AA12-C3007819A9A1}.Release|Any CPU.Build.0 = Release|Any CPU
	EndGlobalSection
	GlobalSection(SolutionProperties) = preSolution
		HideSolutionNode = FALSE
	EndGlobalSection
	GlobalSection(ExtensibilityGlobals) = postSolution
		SolutionGuid = {D4FEC403-0399-4123-B9AD-B3FC5CBE5360}
	EndGlobalSection
EndGlobal
